
Microsoft Visual Studio Solution File, Format Version 12.00
# Visual Studio Version 17
VisualStudioVersion = 17.5.002.0
MinimumVisualStudioVersion = 10.0.40219.1
Project("{2150E333-8FDC-42A3-9474-1A3956D46DE8}") = "prepare", "prepare", "{9537C353-D073-40D8-9E2E-831131971113}"
EndProject
Project("{9A19103F-16F7-4668-BE54-9A1E7A4F7556}") = "Learning02", "prepare\Learning02\Learning02.csproj", "{4EDF4252-E37D-4E3B-92BD-06FDA585239A}"
EndProject
Project("{9A19103F-16F7-4668-BE54-9A1E7A4F7556}") = "Learning05", "prepare\Learning05\Learning05.csproj", "{C8BFAD2E-3259-4120-8030-093C109ABFB6}"
EndProject
Project("{9A19103F-16F7-4668-BE54-9A1E7A4F7556}") = "Learning04", "prepare\Learning04\Learning04.csproj", "{E65BF782-DF8A-4705-981A-18046890C3E7}"
EndProject
Project("{9A19103F-16F7-4668-BE54-9A1E7A4F7556}") = "Learning03", "prepare\Learning03\Learning03.csproj", "{1677028D-C421-43B3-A6B3-E97148FC7583}"
EndProject
Project("{2150E333-8FDC-42A3-9474-1A3956D46DE8}") = "prove", "prove", "{27F71B55-E415-4900-B5EE-77723015ED19}"
EndProject
Project("{9A19103F-16F7-4668-BE54-9A1E7A4F7556}") = "Develop03", "prove\Develop03\Develop03.csproj", "{F0B69FB4-6D08-4EC1-99DE-3160E6260332}"
EndProject
Project("{9A19103F-16F7-4668-BE54-9A1E7A4F7556}") = "Develop04", "prove\Develop04\Develop04.csproj", "{1FC0775E-4B1C-4BBC-9EEC-0567F0C11CAB}"
EndProject
Project("{9A19103F-16F7-4668-BE54-9A1E7A4F7556}") = "Develop05", "prove\Develop05\Develop05.csproj", "{86805411-7182-47F9-A08E-D683EAC9243F}"
EndProject
Project("{9A19103F-16F7-4668-BE54-9A1E7A4F7556}") = "Develop02", "prove\Develop02\Develop02.csproj", "{C0C46468-E0B1-45AA-AF8E-587D0D8BD84A}"
EndProject
Project("{2150E333-8FDC-42A3-9474-1A3956D46DE8}") = "sandbox", "sandbox", "{EF343240-B0AA-4F67-A0CD-85802D7ADE3B}"
EndProject
Project("{9A19103F-16F7-4668-BE54-9A1E7A4F7556}") = "Sandbox", "sandbox\Sandbox\Sandbox.csproj", "{C88D6ACE-EB1C-4F81-B09A-7B54FAA59B0C}"
EndProject
Project("{2150E333-8FDC-42A3-9474-1A3956D46DE8}") = "final", "final", "{889D9738-0C15-414F-8A07-C21046BCD0CB}"
EndProject
Project("{9A19103F-16F7-4668-BE54-9A1E7A4F7556}") = "FinalProject", "final\FinalProject\FinalProject.csproj", "{775A693C-FFB1-4808-AEEC-EE694C7708AE}"
EndProject
Project("{9A19103F-16F7-4668-BE54-9A1E7A4F7556}") = "Foundation1", "final\Foundation1\Foundation1.csproj", "{F8F84EE4-1403-4543-AFEA-6D669BEBC2A4}"
EndProject
Project("{9A19103F-16F7-4668-BE54-9A1E7A4F7556}") = "Foundation4", "final\Foundation4\Foundation4.csproj", "{A5694DCA-96C6-4B2F-BBAF-4AD419ACA91D}"
EndProject
Project("{9A19103F-16F7-4668-BE54-9A1E7A4F7556}") = "Foundation3", "final\Foundation3\Foundation3.csproj", "{C34BD34A-0D33-4551-A22D-CE19AE8AFBFC}"
EndProject
Project("{9A19103F-16F7-4668-BE54-9A1E7A4F7556}") = "Foundation2", "final\Foundation2\Foundation2.csproj", "{3A6EFF77-E7AB-42C6-B2D4-1DAF79CC79E8}"
EndProject
Project("{2150E333-8FDC-42A3-9474-1A3956D46DE8}") = "csharp-prep", "csharp-prep", "{E943E9D7-FDB8-405E-A3AF-174819260986}"
EndProject
Project("{9A19103F-16F7-4668-BE54-9A1E7A4F7556}") = "Prep1", "csharp-prep\Prep1\Prep1.csproj", "{FAFEF90F-2D5F-41DE-8DD3-7608F09A63A8}"
EndProject
Project("{9A19103F-16F7-4668-BE54-9A1E7A4F7556}") = "Prep5", "csharp-prep\Prep5\Prep5.csproj", "{5B6154AC-85B7-40EC-AF6C-63E5A8D85108}"
EndProject
Project("{9A19103F-16F7-4668-BE54-9A1E7A4F7556}") = "Prep2", "csharp-prep\Prep2\Prep2.csproj", "{DA007088-317E-4F5C-B743-D3295BBDA6B6}"
EndProject
Project("{9A19103F-16F7-4668-BE54-9A1E7A4F7556}") = "Prep3", "csharp-prep\Prep3\Prep3.csproj", "{5C5A046C-E7FA-435C-AECF-4B363EA93A6C}"
EndProject
Project("{9A19103F-16F7-4668-BE54-9A1E7A4F7556}") = "Prep4", "csharp-prep\Prep4\Prep4.csproj", "{4C9DAE6A-C7F5-48B7-9F21-B17EF6F2E21E}"
EndProject
Global
	GlobalSection(SolutionConfigurationPlatforms) = preSolution
		Debug|Any CPU = Debug|Any CPU
		Release|Any CPU = Release|Any CPU
	EndGlobalSection
	GlobalSection(ProjectConfigurationPlatforms) = postSolution
		{4EDF4252-E37D-4E3B-92BD-06FDA585239A}.Debug|Any CPU.ActiveCfg = Debug|Any CPU
		{4EDF4252-E37D-4E3B-92BD-06FDA585239A}.Debug|Any CPU.Build.0 = Debug|Any CPU
		{4EDF4252-E37D-4E3B-92BD-06FDA585239A}.Release|Any CPU.ActiveCfg = Release|Any CPU
		{4EDF4252-E37D-4E3B-92BD-06FDA585239A}.Release|Any CPU.Build.0 = Release|Any CPU
		{C8BFAD2E-3259-4120-8030-093C109ABFB6}.Debug|Any CPU.ActiveCfg = Debug|Any CPU
		{C8BFAD2E-3259-4120-8030-093C109ABFB6}.Debug|Any CPU.Build.0 = Debug|Any CPU
		{C8BFAD2E-3259-4120-8030-093C109ABFB6}.Release|Any CPU.ActiveCfg = Release|Any CPU
		{C8BFAD2E-3259-4120-8030-093C109ABFB6}.Release|Any CPU.Build.0 = Release|Any CPU
		{E65BF782-DF8A-4705-981A-18046890C3E7}.Debug|Any CPU.ActiveCfg = Debug|Any CPU
		{E65BF782-DF8A-4705-981A-18046890C3E7}.Debug|Any CPU.Build.0 = Debug|Any CPU
		{E65BF782-DF8A-4705-981A-18046890C3E7}.Release|Any CPU.ActiveCfg = Release|Any CPU
		{E65BF782-DF8A-4705-981A-18046890C3E7}.Release|Any CPU.Build.0 = Release|Any CPU
		{1677028D-C421-43B3-A6B3-E97148FC7583}.Debug|Any CPU.ActiveCfg = Debug|Any CPU
		{1677028D-C421-43B3-A6B3-E97148FC7583}.Debug|Any CPU.Build.0 = Debug|Any CPU
		{1677028D-C421-43B3-A6B3-E97148FC7583}.Release|Any CPU.ActiveCfg = Release|Any CPU
		{1677028D-C421-43B3-A6B3-E97148FC7583}.Release|Any CPU.Build.0 = Release|Any CPU
		{F0B69FB4-6D08-4EC1-99DE-3160E6260332}.Debug|Any CPU.ActiveCfg = Debug|Any CPU
		{F0B69FB4-6D08-4EC1-99DE-3160E6260332}.Debug|Any CPU.Build.0 = Debug|Any CPU
		{F0B69FB4-6D08-4EC1-99DE-3160E6260332}.Release|Any CPU.ActiveCfg = Release|Any CPU
		{F0B69FB4-6D08-4EC1-99DE-3160E6260332}.Release|Any CPU.Build.0 = Release|Any CPU
		{1FC0775E-4B1C-4BBC-9EEC-0567F0C11CAB}.Debug|Any CPU.ActiveCfg = Debug|Any CPU
		{1FC0775E-4B1C-4BBC-9EEC-0567F0C11CAB}.Debug|Any CPU.Build.0 = Debug|Any CPU
		{1FC0775E-4B1C-4BBC-9EEC-0567F0C11CAB}.Release|Any CPU.ActiveCfg = Release|Any CPU
		{1FC0775E-4B1C-4BBC-9EEC-0567F0C11CAB}.Release|Any CPU.Build.0 = Release|Any CPU
		{86805411-7182-47F9-A08E-D683EAC9243F}.Debug|Any CPU.ActiveCfg = Debug|Any CPU
		{86805411-7182-47F9-A08E-D683EAC9243F}.Debug|Any CPU.Build.0 = Debug|Any CPU
		{86805411-7182-47F9-A08E-D683EAC9243F}.Release|Any CPU.ActiveCfg = Release|Any CPU
		{86805411-7182-47F9-A08E-D683EAC9243F}.Release|Any CPU.Build.0 = Release|Any CPU
		{C0C46468-E0B1-45AA-AF8E-587D0D8BD84A}.Debug|Any CPU.ActiveCfg = Debug|Any CPU
		{C0C46468-E0B1-45AA-AF8E-587D0D8BD84A}.Debug|Any CPU.Build.0 = Debug|Any CPU
		{C0C46468-E0B1-45AA-AF8E-587D0D8BD84A}.Release|Any CPU.ActiveCfg = Release|Any CPU
		{C0C46468-E0B1-45AA-AF8E-587D0D8BD84A}.Release|Any CPU.Build.0 = Release|Any CPU
		{C88D6ACE-EB1C-4F81-B09A-7B54FAA59B0C}.Debug|Any CPU.ActiveCfg = Debug|Any CPU
		{C88D6ACE-EB1C-4F81-B09A-7B54FAA59B0C}.Debug|Any CPU.Build.0 = Debug|Any CPU
		{C88D6ACE-EB1C-4F81-B09A-7B54FAA59B0C}.Release|Any CPU.ActiveCfg = Release|Any CPU
		{C88D6ACE-EB1C-4F81-B09A-7B54FAA59B0C}.Release|Any CPU.Build.0 = Release|Any CPU
		{775A693C-FFB1-4808-AEEC-EE694C7708AE}.Debug|Any CPU.ActiveCfg = Debug|Any CPU
		{775A693C-FFB1-4808-AEEC-EE694C7708AE}.Debug|Any CPU.Build.0 = Debug|Any CPU
		{775A693C-FFB1-4808-AEEC-EE694C7708AE}.Release|Any CPU.ActiveCfg = Release|Any CPU
		{775A693C-FFB1-4808-AEEC-EE694C7708AE}.Release|Any CPU.Build.0 = Release|Any CPU
		{F8F84EE4-1403-4543-AFEA-6D669BEBC2A4}.Debug|Any CPU.ActiveCfg = Debug|Any CPU
		{F8F84EE4-1403-4543-AFEA-6D669BEBC2A4}.Debug|Any CPU.Build.0 = Debug|Any CPU
		{F8F84EE4-1403-4543-AFEA-6D669BEBC2A4}.Release|Any CPU.ActiveCfg = Release|Any CPU
		{F8F84EE4-1403-4543-AFEA-6D669BEBC2A4}.Release|Any CPU.Build.0 = Release|Any CPU
		{A5694DCA-96C6-4B2F-BBAF-4AD419ACA91D}.Debug|Any CPU.ActiveCfg = Debug|Any CPU
		{A5694DCA-96C6-4B2F-BBAF-4AD419ACA91D}.Debug|Any CPU.Build.0 = Debug|Any CPU
		{A5694DCA-96C6-4B2F-BBAF-4AD419ACA91D}.Release|Any CPU.ActiveCfg = Release|Any CPU
		{A5694DCA-96C6-4B2F-BBAF-4AD419ACA91D}.Release|Any CPU.Build.0 = Release|Any CPU
		{C34BD34A-0D33-4551-A22D-CE19AE8AFBFC}.Debug|Any CPU.ActiveCfg = Debug|Any CPU
		{C34BD34A-0D33-4551-A22D-CE19AE8AFBFC}.Debug|Any CPU.Build.0 = Debug|Any CPU
		{C34BD34A-0D33-4551-A22D-CE19AE8AFBFC}.Release|Any CPU.ActiveCfg = Release|Any CPU
		{C34BD34A-0D33-4551-A22D-CE19AE8AFBFC}.Release|Any CPU.Build.0 = Release|Any CPU
		{3A6EFF77-E7AB-42C6-B2D4-1DAF79CC79E8}.Debug|Any CPU.ActiveCfg = Debug|Any CPU
		{3A6EFF77-E7AB-42C6-B2D4-1DAF79CC79E8}.Debug|Any CPU.Build.0 = Debug|Any CPU
		{3A6EFF77-E7AB-42C6-B2D4-1DAF79CC79E8}.Release|Any CPU.ActiveCfg = Release|Any CPU
		{3A6EFF77-E7AB-42C6-B2D4-1DAF79CC79E8}.Release|Any CPU.Build.0 = Release|Any CPU
		{FAFEF90F-2D5F-41DE-8DD3-7608F09A63A8}.Debug|Any CPU.ActiveCfg = Debug|Any CPU
		{FAFEF90F-2D5F-41DE-8DD3-7608F09A63A8}.Debug|Any CPU.Build.0 = Debug|Any CPU
		{FAFEF90F-2D5F-41DE-8DD3-7608F09A63A8}.Release|Any CPU.ActiveCfg = Release|Any CPU
		{FAFEF90F-2D5F-41DE-8DD3-7608F09A63A8}.Release|Any CPU.Build.0 = Release|Any CPU
		{5B6154AC-85B7-40EC-AF6C-63E5A8D85108}.Debug|Any CPU.ActiveCfg = Debug|Any CPU
		{5B6154AC-85B7-40EC-AF6C-63E5A8D85108}.Debug|Any CPU.Build.0 = Debug|Any CPU
		{5B6154AC-85B7-40EC-AF6C-63E5A8D85108}.Release|Any CPU.ActiveCfg = Release|Any CPU
		{5B6154AC-85B7-40EC-AF6C-63E5A8D85108}.Release|Any CPU.Build.0 = Release|Any CPU
		{DA007088-317E-4F5C-B743-D3295BBDA6B6}.Debug|Any CPU.ActiveCfg = Debug|Any CPU
		{DA007088-317E-4F5C-B743-D3295BBDA6B6}.Debug|Any CPU.Build.0 = Debug|Any CPU
		{DA007088-317E-4F5C-B743-D3295BBDA6B6}.Release|Any CPU.ActiveCfg = Release|Any CPU
		{DA007088-317E-4F5C-B743-D3295BBDA6B6}.Release|Any CPU.Build.0 = Release|Any CPU
		{5C5A046C-E7FA-435C-AECF-4B363EA93A6C}.Debug|Any CPU.ActiveCfg = Debug|Any CPU
		{5C5A046C-E7FA-435C-AECF-4B363EA93A6C}.Debug|Any CPU.Build.0 = Debug|Any CPU
		{5C5A046C-E7FA-435C-AECF-4B363EA93A6C}.Release|Any CPU.ActiveCfg = Release|Any CPU
		{5C5A046C-E7FA-435C-AECF-4B363EA93A6C}.Release|Any CPU.Build.0 = Release|Any CPU
		{4C9DAE6A-C7F5-48B7-9F21-B17EF6F2E21E}.Debug|Any CPU.ActiveCfg = Debug|Any CPU
		{4C9DAE6A-C7F5-48B7-9F21-B17EF6F2E21E}.Debug|Any CPU.Build.0 = Debug|Any CPU
		{4C9DAE6A-C7F5-48B7-9F21-B17EF6F2E21E}.Release|Any CPU.ActiveCfg = Release|Any CPU
		{4C9DAE6A-C7F5-48B7-9F21-B17EF6F2E21E}.Release|Any CPU.Build.0 = Release|Any CPU
	EndGlobalSection
	GlobalSection(SolutionProperties) = preSolution
		HideSolutionNode = FALSE
	EndGlobalSection
	GlobalSection(NestedProjects) = preSolution
		{4EDF4252-E37D-4E3B-92BD-06FDA585239A} = {9537C353-D073-40D8-9E2E-831131971113}
		{C8BFAD2E-3259-4120-8030-093C109ABFB6} = {9537C353-D073-40D8-9E2E-831131971113}
		{E65BF782-DF8A-4705-981A-18046890C3E7} = {9537C353-D073-40D8-9E2E-831131971113}
		{1677028D-C421-43B3-A6B3-E97148FC7583} = {9537C353-D073-40D8-9E2E-831131971113}
		{F0B69FB4-6D08-4EC1-99DE-3160E6260332} = {27F71B55-E415-4900-B5EE-77723015ED19}
		{1FC0775E-4B1C-4BBC-9EEC-0567F0C11CAB} = {27F71B55-E415-4900-B5EE-77723015ED19}
		{86805411-7182-47F9-A08E-D683EAC9243F} = {27F71B55-E415-4900-B5EE-77723015ED19}
		{C0C46468-E0B1-45AA-AF8E-587D0D8BD84A} = {27F71B55-E415-4900-B5EE-77723015ED19}
		{C88D6ACE-EB1C-4F81-B09A-7B54FAA59B0C} = {EF343240-B0AA-4F67-A0CD-85802D7ADE3B}
		{775A693C-FFB1-4808-AEEC-EE694C7708AE} = {889D9738-0C15-414F-8A07-C21046BCD0CB}
		{F8F84EE4-1403-4543-AFEA-6D669BEBC2A4} = {889D9738-0C15-414F-8A07-C21046BCD0CB}
		{A5694DCA-96C6-4B2F-BBAF-4AD419ACA91D} = {889D9738-0C15-414F-8A07-C21046BCD0CB}
		{C34BD34A-0D33-4551-A22D-CE19AE8AFBFC} = {889D9738-0C15-414F-8A07-C21046BCD0CB}
		{3A6EFF77-E7AB-42C6-B2D4-1DAF79CC79E8} = {889D9738-0C15-414F-8A07-C21046BCD0CB}
		{FAFEF90F-2D5F-41DE-8DD3-7608F09A63A8} = {E943E9D7-FDB8-405E-A3AF-174819260986}
		{5B6154AC-85B7-40EC-AF6C-63E5A8D85108} = {E943E9D7-FDB8-405E-A3AF-174819260986}
		{DA007088-317E-4F5C-B743-D3295BBDA6B6} = {E943E9D7-FDB8-405E-A3AF-174819260986}
		{5C5A046C-E7FA-435C-AECF-4B363EA93A6C} = {E943E9D7-FDB8-405E-A3AF-174819260986}
		{4C9DAE6A-C7F5-48B7-9F21-B17EF6F2E21E} = {E943E9D7-FDB8-405E-A3AF-174819260986}
	EndGlobalSection
	GlobalSection(ExtensibilityGlobals) = postSolution
		SolutionGuid = {02081A28-C7DA-41D2-86D4-940AC133E84F}
	EndGlobalSection
EndGlobal
